// !$*UTF8*$!
{
	archiveVersion = 1;
	classes = {
	};
	objectVersion = 50;
	objects = {

/* Begin PBXBuildFile section */
		3052FB7E20C9D59800CB09F8 /* AppDelegate.swift in Sources */ = {isa = PBXBuildFile; fileRef = 3052FB7D20C9D59800CB09F8 /* AppDelegate.swift */; };
		3052FB8020C9D59800CB09F8 /* LoginViewController.swift in Sources */ = {isa = PBXBuildFile; fileRef = 3052FB7F20C9D59800CB09F8 /* LoginViewController.swift */; };
		3052FB8320C9D59800CB09F8 /* Main.storyboard in Resources */ = {isa = PBXBuildFile; fileRef = 3052FB8120C9D59800CB09F8 /* Main.storyboard */; };
		3052FB8520C9D59A00CB09F8 /* Assets.xcassets in Resources */ = {isa = PBXBuildFile; fileRef = 3052FB8420C9D59A00CB09F8 /* Assets.xcassets */; };
		3052FB9320C9D59A00CB09F8 /* vici_mitchTests.swift in Sources */ = {isa = PBXBuildFile; fileRef = 3052FB9220C9D59A00CB09F8 /* vici_mitchTests.swift */; };
		3052FB9E20C9D59A00CB09F8 /* vici_mitchUITests.swift in Sources */ = {isa = PBXBuildFile; fileRef = 3052FB9D20C9D59A00CB09F8 /* vici_mitchUITests.swift */; };
		30D0E33420C9FD17009A9FE4 /* Cartfile in Resources */ = {isa = PBXBuildFile; fileRef = 30D0E33320C9FD17009A9FE4 /* Cartfile */; };
		30D0E33720C9FE5C009A9FE4 /* Alamofire.framework in Frameworks */ = {isa = PBXBuildFile; fileRef = 30D0E33620C9FE5C009A9FE4 /* Alamofire.framework */; };
		30D0E33820C9FE5C009A9FE4 /* Alamofire.framework in Embed Frameworks */ = {isa = PBXBuildFile; fileRef = 30D0E33620C9FE5C009A9FE4 /* Alamofire.framework */; settings = {ATTRIBUTES = (CodeSignOnCopy, RemoveHeadersOnCopy, ); }; };
		F39E731C20D2B49D00EBCF0A /* RegisterViewController.swift in Sources */ = {isa = PBXBuildFile; fileRef = F39E731B20D2B49D00EBCF0A /* RegisterViewController.swift */; };
		F39E731E20D8458000EBCF0A /* WelcomeViewController.swift in Sources */ = {isa = PBXBuildFile; fileRef = F39E731D20D8458000EBCF0A /* WelcomeViewController.swift */; };
/* End PBXBuildFile section */

/* Begin PBXContainerItemProxy section */
		3052FB8F20C9D59A00CB09F8 /* PBXContainerItemProxy */ = {
			isa = PBXContainerItemProxy;
			containerPortal = 3052FB7220C9D59800CB09F8 /* Project object */;
			proxyType = 1;
			remoteGlobalIDString = 3052FB7920C9D59800CB09F8;
			remoteInfo = vici_mitch;
		};
		3052FB9A20C9D59A00CB09F8 /* PBXContainerItemProxy */ = {
			isa = PBXContainerItemProxy;
			containerPortal = 3052FB7220C9D59800CB09F8 /* Project object */;
			proxyType = 1;
			remoteGlobalIDString = 3052FB7920C9D59800CB09F8;
			remoteInfo = vici_mitch;
		};
/* End PBXContainerItemProxy section */

/* Begin PBXCopyFilesBuildPhase section */
		30D0E33920C9FE5C009A9FE4 /* Embed Frameworks */ = {
			isa = PBXCopyFilesBuildPhase;
			buildActionMask = 2147483647;
			dstPath = "";
			dstSubfolderSpec = 10;
			files = (
				30D0E33820C9FE5C009A9FE4 /* Alamofire.framework in Embed Frameworks */,
			);
			name = "Embed Frameworks";
			runOnlyForDeploymentPostprocessing = 0;
		};
/* End PBXCopyFilesBuildPhase section */

/* Begin PBXFileReference section */
		3052FB7A20C9D59800CB09F8 /* vici_mitch.app */ = {isa = PBXFileReference; explicitFileType = wrapper.application; includeInIndex = 0; path = vici_mitch.app; sourceTree = BUILT_PRODUCTS_DIR; };
		3052FB7D20C9D59800CB09F8 /* AppDelegate.swift */ = {isa = PBXFileReference; lastKnownFileType = sourcecode.swift; path = AppDelegate.swift; sourceTree = "<group>"; };
		3052FB7F20C9D59800CB09F8 /* LoginViewController.swift */ = {isa = PBXFileReference; lastKnownFileType = sourcecode.swift; path = LoginViewController.swift; sourceTree = "<group>"; };
		3052FB8220C9D59800CB09F8 /* Base */ = {isa = PBXFileReference; lastKnownFileType = file.storyboard; name = Base; path = Base.lproj/Main.storyboard; sourceTree = "<group>"; };
		3052FB8420C9D59A00CB09F8 /* Assets.xcassets */ = {isa = PBXFileReference; lastKnownFileType = folder.assetcatalog; path = Assets.xcassets; sourceTree = "<group>"; };
		3052FB8920C9D59A00CB09F8 /* Info.plist */ = {isa = PBXFileReference; lastKnownFileType = text.plist.xml; path = Info.plist; sourceTree = "<group>"; };
		3052FB8E20C9D59A00CB09F8 /* vici_mitchTests.xctest */ = {isa = PBXFileReference; explicitFileType = wrapper.cfbundle; includeInIndex = 0; path = vici_mitchTests.xctest; sourceTree = BUILT_PRODUCTS_DIR; };
		3052FB9220C9D59A00CB09F8 /* vici_mitchTests.swift */ = {isa = PBXFileReference; lastKnownFileType = sourcecode.swift; path = vici_mitchTests.swift; sourceTree = "<group>"; };
		3052FB9420C9D59A00CB09F8 /* Info.plist */ = {isa = PBXFileReference; lastKnownFileType = text.plist.xml; path = Info.plist; sourceTree = "<group>"; };
		3052FB9920C9D59A00CB09F8 /* vici_mitchUITests.xctest */ = {isa = PBXFileReference; explicitFileType = wrapper.cfbundle; includeInIndex = 0; path = vici_mitchUITests.xctest; sourceTree = BUILT_PRODUCTS_DIR; };
		3052FB9D20C9D59A00CB09F8 /* vici_mitchUITests.swift */ = {isa = PBXFileReference; lastKnownFileType = sourcecode.swift; path = vici_mitchUITests.swift; sourceTree = "<group>"; };
		3052FB9F20C9D59A00CB09F8 /* Info.plist */ = {isa = PBXFileReference; lastKnownFileType = text.plist.xml; path = Info.plist; sourceTree = "<group>"; };
		30D0E33320C9FD17009A9FE4 /* Cartfile */ = {isa = PBXFileReference; lastKnownFileType = text; name = Cartfile; path = ../Cartfile; sourceTree = "<group>"; };
		30D0E33620C9FE5C009A9FE4 /* Alamofire.framework */ = {isa = PBXFileReference; lastKnownFileType = wrapper.framework; name = Alamofire.framework; path = Carthage/Build/iOS/Alamofire.framework; sourceTree = "<group>"; };
		F39E731B20D2B49D00EBCF0A /* RegisterViewController.swift */ = {isa = PBXFileReference; lastKnownFileType = sourcecode.swift; path = RegisterViewController.swift; sourceTree = "<group>"; };
		F39E731D20D8458000EBCF0A /* WelcomeViewController.swift */ = {isa = PBXFileReference; lastKnownFileType = sourcecode.swift; path = WelcomeViewController.swift; sourceTree = "<group>"; };
/* End PBXFileReference section */

/* Begin PBXFrameworksBuildPhase section */
		3052FB7720C9D59800CB09F8 /* Frameworks */ = {
			isa = PBXFrameworksBuildPhase;
			buildActionMask = 2147483647;
			files = (
				30D0E33720C9FE5C009A9FE4 /* Alamofire.framework in Frameworks */,
			);
			runOnlyForDeploymentPostprocessing = 0;
		};
		3052FB8B20C9D59A00CB09F8 /* Frameworks */ = {
			isa = PBXFrameworksBuildPhase;
			buildActionMask = 2147483647;
			files = (
			);
			runOnlyForDeploymentPostprocessing = 0;
		};
		3052FB9620C9D59A00CB09F8 /* Frameworks */ = {
			isa = PBXFrameworksBuildPhase;
			buildActionMask = 2147483647;
			files = (
			);
			runOnlyForDeploymentPostprocessing = 0;
		};
/* End PBXFrameworksBuildPhase section */

/* Begin PBXGroup section */
		3052FB7120C9D59800CB09F8 = {
			isa = PBXGroup;
			children = (
				3052FB7C20C9D59800CB09F8 /* vici_mitch */,
				3052FB9120C9D59A00CB09F8 /* vici_mitchTests */,
				3052FB9C20C9D59A00CB09F8 /* vici_mitchUITests */,
				3052FB7B20C9D59800CB09F8 /* Products */,
				30D0E33620C9FE5C009A9FE4 /* Alamofire.framework */,
			);
			sourceTree = "<group>";
		};
		3052FB7B20C9D59800CB09F8 /* Products */ = {
			isa = PBXGroup;
			children = (
				3052FB7A20C9D59800CB09F8 /* vici_mitch.app */,
				3052FB8E20C9D59A00CB09F8 /* vici_mitchTests.xctest */,
				3052FB9920C9D59A00CB09F8 /* vici_mitchUITests.xctest */,
			);
			name = Products;
			sourceTree = "<group>";
		};
		3052FB7C20C9D59800CB09F8 /* vici_mitch */ = {
			isa = PBXGroup;
			children = (
				3052FB7D20C9D59800CB09F8 /* AppDelegate.swift */,
				3052FB7F20C9D59800CB09F8 /* LoginViewController.swift */,
				F39E731B20D2B49D00EBCF0A /* RegisterViewController.swift */,
				30D0E33320C9FD17009A9FE4 /* Cartfile */,
				3052FB8120C9D59800CB09F8 /* Main.storyboard */,
				F39E731D20D8458000EBCF0A /* WelcomeViewController.swift */,
				3052FB8420C9D59A00CB09F8 /* Assets.xcassets */,
				3052FB8920C9D59A00CB09F8 /* Info.plist */,
			);
			path = vici_mitch;
			sourceTree = "<group>";
		};
		3052FB9120C9D59A00CB09F8 /* vici_mitchTests */ = {
			isa = PBXGroup;
			children = (
				3052FB9220C9D59A00CB09F8 /* vici_mitchTests.swift */,
				3052FB9420C9D59A00CB09F8 /* Info.plist */,
			);
			path = vici_mitchTests;
			sourceTree = "<group>";
		};
		3052FB9C20C9D59A00CB09F8 /* vici_mitchUITests */ = {
			isa = PBXGroup;
			children = (
				3052FB9D20C9D59A00CB09F8 /* vici_mitchUITests.swift */,
				3052FB9F20C9D59A00CB09F8 /* Info.plist */,
			);
			path = vici_mitchUITests;
			sourceTree = "<group>";
		};
/* End PBXGroup section */

/* Begin PBXNativeTarget section */
		3052FB7920C9D59800CB09F8 /* vici_mitch */ = {
			isa = PBXNativeTarget;
			buildConfigurationList = 3052FBA220C9D59A00CB09F8 /* Build configuration list for PBXNativeTarget "vici_mitch" */;
			buildPhases = (
				3052FB7620C9D59800CB09F8 /* Sources */,
				3052FB7720C9D59800CB09F8 /* Frameworks */,
				3052FB7820C9D59800CB09F8 /* Resources */,
				30D0E33520C9FDDB009A9FE4 /* Carthage Copy */,
				30D0E33920C9FE5C009A9FE4 /* Embed Frameworks */,
			);
			buildRules = (
			);
			dependencies = (
			);
			name = vici_mitch;
			productName = vici_mitch;
			productReference = 3052FB7A20C9D59800CB09F8 /* vici_mitch.app */;
			productType = "com.apple.product-type.application";
		};
		3052FB8D20C9D59A00CB09F8 /* vici_mitchTests */ = {
			isa = PBXNativeTarget;
			buildConfigurationList = 3052FBA520C9D59A00CB09F8 /* Build configuration list for PBXNativeTarget "vici_mitchTests" */;
			buildPhases = (
				3052FB8A20C9D59A00CB09F8 /* Sources */,
				3052FB8B20C9D59A00CB09F8 /* Frameworks */,
				3052FB8C20C9D59A00CB09F8 /* Resources */,
			);
			buildRules = (
			);
			dependencies = (
				3052FB9020C9D59A00CB09F8 /* PBXTargetDependency */,
			);
			name = vici_mitchTests;
			productName = vici_mitchTests;
			productReference = 3052FB8E20C9D59A00CB09F8 /* vici_mitchTests.xctest */;
			productType = "com.apple.product-type.bundle.unit-test";
		};
		3052FB9820C9D59A00CB09F8 /* vici_mitchUITests */ = {
			isa = PBXNativeTarget;
			buildConfigurationList = 3052FBA820C9D59A00CB09F8 /* Build configuration list for PBXNativeTarget "vici_mitchUITests" */;
			buildPhases = (
				3052FB9520C9D59A00CB09F8 /* Sources */,
				3052FB9620C9D59A00CB09F8 /* Frameworks */,
				3052FB9720C9D59A00CB09F8 /* Resources */,
			);
			buildRules = (
			);
			dependencies = (
				3052FB9B20C9D59A00CB09F8 /* PBXTargetDependency */,
			);
			name = vici_mitchUITests;
			productName = vici_mitchUITests;
			productReference = 3052FB9920C9D59A00CB09F8 /* vici_mitchUITests.xctest */;
			productType = "com.apple.product-type.bundle.ui-testing";
		};
/* End PBXNativeTarget section */

/* Begin PBXProject section */
		3052FB7220C9D59800CB09F8 /* Project object */ = {
			isa = PBXProject;
			attributes = {
				LastSwiftUpdateCheck = 0930;
				LastUpgradeCheck = 0930;
				ORGANIZATIONNAME = Mitch;
				TargetAttributes = {
					3052FB7920C9D59800CB09F8 = {
						CreatedOnToolsVersion = 9.3;
					};
					3052FB8D20C9D59A00CB09F8 = {
						CreatedOnToolsVersion = 9.3;
						TestTargetID = 3052FB7920C9D59800CB09F8;
					};
					3052FB9820C9D59A00CB09F8 = {
						CreatedOnToolsVersion = 9.3;
						TestTargetID = 3052FB7920C9D59800CB09F8;
					};
				};
			};
			buildConfigurationList = 3052FB7520C9D59800CB09F8 /* Build configuration list for PBXProject "vici_mitch" */;
			compatibilityVersion = "Xcode 9.3";
			developmentRegion = en;
			hasScannedForEncodings = 0;
			knownRegions = (
				en,
				Base,
			);
			mainGroup = 3052FB7120C9D59800CB09F8;
			productRefGroup = 3052FB7B20C9D59800CB09F8 /* Products */;
			projectDirPath = "";
			projectRoot = "";
			targets = (
				3052FB7920C9D59800CB09F8 /* vici_mitch */,
				3052FB8D20C9D59A00CB09F8 /* vici_mitchTests */,
				3052FB9820C9D59A00CB09F8 /* vici_mitchUITests */,
			);
		};
/* End PBXProject section */

/* Begin PBXResourcesBuildPhase section */
		3052FB7820C9D59800CB09F8 /* Resources */ = {
			isa = PBXResourcesBuildPhase;
			buildActionMask = 2147483647;
			files = (
				3052FB8520C9D59A00CB09F8 /* Assets.xcassets in Resources */,
				30D0E33420C9FD17009A9FE4 /* Cartfile in Resources */,
				3052FB8320C9D59800CB09F8 /* Main.storyboard in Resources */,
			);
			runOnlyForDeploymentPostprocessing = 0;
		};
		3052FB8C20C9D59A00CB09F8 /* Resources */ = {
			isa = PBXResourcesBuildPhase;
			buildActionMask = 2147483647;
			files = (
			);
			runOnlyForDeploymentPostprocessing = 0;
		};
		3052FB9720C9D59A00CB09F8 /* Resources */ = {
			isa = PBXResourcesBuildPhase;
			buildActionMask = 2147483647;
			files = (
			);
			runOnlyForDeploymentPostprocessing = 0;
		};
/* End PBXResourcesBuildPhase section */

/* Begin PBXShellScriptBuildPhase section */
		30D0E33520C9FDDB009A9FE4 /* Carthage Copy */ = {
			isa = PBXShellScriptBuildPhase;
			buildActionMask = 2147483647;
			files = (
			);
			inputPaths = (
				"$(SRCROOT)/Carthage/Build/iOS/Alamofire.framework",
			);
			name = "Carthage Copy";
			outputPaths = (
				"$(BUILT_PRODUCTS_DIR)/$(FRAMEWORKS_FOLDER_PATH)/Alamofire.framework",
			);
			runOnlyForDeploymentPostprocessing = 0;
			shellPath = /bin/sh;
			shellScript = "/usr/local/bin/carthage copy-frameworks";
		};
/* End PBXShellScriptBuildPhase section */

/* Begin PBXSourcesBuildPhase section */
		3052FB7620C9D59800CB09F8 /* Sources */ = {
			isa = PBXSourcesBuildPhase;
			buildActionMask = 2147483647;
			files = (
				3052FB8020C9D59800CB09F8 /* LoginViewController.swift in Sources */,
				F39E731E20D8458000EBCF0A /* WelcomeViewController.swift in Sources */,
				F39E731C20D2B49D00EBCF0A /* RegisterViewController.swift in Sources */,
				3052FB7E20C9D59800CB09F8 /* AppDelegate.swift in Sources */,
			);
			runOnlyForDeploymentPostprocessing = 0;
		};
		3052FB8A20C9D59A00CB09F8 /* Sources */ = {
			isa = PBXSourcesBuildPhase;
			buildActionMask = 2147483647;
			files = (
				3052FB9320C9D59A00CB09F8 /* vici_mitchTests.swift in Sources */,
			);
			runOnlyForDeploymentPostprocessing = 0;
		};
		3052FB9520C9D59A00CB09F8 /* Sources */ = {
			isa = PBXSourcesBuildPhase;
			buildActionMask = 2147483647;
			files = (
				3052FB9E20C9D59A00CB09F8 /* vici_mitchUITests.swift in Sources */,
			);
			runOnlyForDeploymentPostprocessing = 0;
		};
/* End PBXSourcesBuildPhase section */

/* Begin PBXTargetDependency section */
		3052FB9020C9D59A00CB09F8 /* PBXTargetDependency */ = {
			isa = PBXTargetDependency;
			target = 3052FB7920C9D59800CB09F8 /* vici_mitch */;
			targetProxy = 3052FB8F20C9D59A00CB09F8 /* PBXContainerItemProxy */;
		};
		3052FB9B20C9D59A00CB09F8 /* PBXTargetDependency */ = {
			isa = PBXTargetDependency;
			target = 3052FB7920C9D59800CB09F8 /* vici_mitch */;
			targetProxy = 3052FB9A20C9D59A00CB09F8 /* PBXContainerItemProxy */;
		};
/* End PBXTargetDependency section */

/* Begin PBXVariantGroup section */
		3052FB8120C9D59800CB09F8 /* Main.storyboard */ = {
			isa = PBXVariantGroup;
			children = (
				3052FB8220C9D59800CB09F8 /* Base */,
			);
			name = Main.storyboard;
			sourceTree = "<group>";
		};
/* End PBXVariantGroup section */

/* Begin XCBuildConfiguration section */
		3052FBA020C9D59A00CB09F8 /* Debug */ = {
			isa = XCBuildConfiguration;
			buildSettings = {
				ALWAYS_SEARCH_USER_PATHS = NO;
				CLANG_ANALYZER_NONNULL = YES;
				CLANG_ANALYZER_NUMBER_OBJECT_CONVERSION = YES_AGGRESSIVE;
				CLANG_CXX_LANGUAGE_STANDARD = "gnu++14";
				CLANG_CXX_LIBRARY = "libc++";
				CLANG_ENABLE_MODULES = YES;
				CLANG_ENABLE_OBJC_ARC = YES;
				CLANG_ENABLE_OBJC_WEAK = YES;
				CLANG_WARN_BLOCK_CAPTURE_AUTORELEASING = YES;
				CLANG_WARN_BOOL_CONVERSION = YES;
				CLANG_WARN_COMMA = YES;
				CLANG_WARN_CONSTANT_CONVERSION = YES;
				CLANG_WARN_DEPRECATED_OBJC_IMPLEMENTATIONS = YES;
				CLANG_WARN_DIRECT_OBJC_ISA_USAGE = YES_ERROR;
				CLANG_WARN_DOCUMENTATION_COMMENTS = YES;
				CLANG_WARN_EMPTY_BODY = YES;
				CLANG_WARN_ENUM_CONVERSION = YES;
				CLANG_WARN_INFINITE_RECURSION = YES;
				CLANG_WARN_INT_CONVERSION = YES;
				CLANG_WARN_NON_LITERAL_NULL_CONVERSION = YES;
				CLANG_WARN_OBJC_IMPLICIT_RETAIN_SELF = YES;
				CLANG_WARN_OBJC_LITERAL_CONVERSION = YES;
				CLANG_WARN_OBJC_ROOT_CLASS = YES_ERROR;
				CLANG_WARN_RANGE_LOOP_ANALYSIS = YES;
				CLANG_WARN_STRICT_PROTOTYPES = YES;
				CLANG_WARN_SUSPICIOUS_MOVE = YES;
				CLANG_WARN_UNGUARDED_AVAILABILITY = YES_AGGRESSIVE;
				CLANG_WARN_UNREACHABLE_CODE = YES;
				CLANG_WARN__DUPLICATE_METHOD_MATCH = YES;
				CODE_SIGN_IDENTITY = "iPhone Developer";
				COPY_PHASE_STRIP = NO;
				DEBUG_INFORMATION_FORMAT = dwarf;
				ENABLE_STRICT_OBJC_MSGSEND = YES;
				ENABLE_TESTABILITY = YES;
				GCC_C_LANGUAGE_STANDARD = gnu11;
				GCC_DYNAMIC_NO_PIC = NO;
				GCC_NO_COMMON_BLOCKS = YES;
				GCC_OPTIMIZATION_LEVEL = 0;
				GCC_PREPROCESSOR_DEFINITIONS = (
					"DEBUG=1",
					"$(inherited)",
				);
				GCC_WARN_64_TO_32_BIT_CONVERSION = YES;
				GCC_WARN_ABOUT_RETURN_TYPE = YES_ERROR;
				GCC_WARN_UNDECLARED_SELECTOR = YES;
				GCC_WARN_UNINITIALIZED_AUTOS = YES_AGGRESSIVE;
				GCC_WARN_UNUSED_FUNCTION = YES;
				GCC_WARN_UNUSED_VARIABLE = YES;
				IPHONEOS_DEPLOYMENT_TARGET = 11.3;
				MTL_ENABLE_DEBUG_INFO = YES;
				ONLY_ACTIVE_ARCH = YES;
				SDKROOT = iphoneos;
				SWIFT_ACTIVE_COMPILATION_CONDITIONS = DEBUG;
				SWIFT_OPTIMIZATION_LEVEL = "-Onone";
			};
			name = Debug;
		};
		3052FBA120C9D59A00CB09F8 /* Release */ = {
			isa = XCBuildConfiguration;
			buildSettings = {
				ALWAYS_SEARCH_USER_PATHS = NO;
				CLANG_ANALYZER_NONNULL = YES;
				CLANG_ANALYZER_NUMBER_OBJECT_CONVERSION = YES_AGGRESSIVE;
				CLANG_CXX_LANGUAGE_STANDARD = "gnu++14";
				CLANG_CXX_LIBRARY = "libc++";
				CLANG_ENABLE_MODULES = YES;
				CLANG_ENABLE_OBJC_ARC = YES;
				CLANG_ENABLE_OBJC_WEAK = YES;
				CLANG_WARN_BLOCK_CAPTURE_AUTORELEASING = YES;
				CLANG_WARN_BOOL_CONVERSION = YES;
				CLANG_WARN_COMMA = YES;
				CLANG_WARN_CONSTANT_CONVERSION = YES;
				CLANG_WARN_DEPRECATED_OBJC_IMPLEMENTATIONS = YES;
				CLANG_WARN_DIRECT_OBJC_ISA_USAGE = YES_ERROR;
				CLANG_WARN_DOCUMENTATION_COMMENTS = YES;
				CLANG_WARN_EMPTY_BODY = YES;
				CLANG_WARN_ENUM_CONVERSION = YES;
				CLANG_WARN_INFINITE_RECURSION = YES;
				CLANG_WARN_INT_CONVERSION = YES;
				CLANG_WARN_NON_LITERAL_NULL_CONVERSION = YES;
				CLANG_WARN_OBJC_IMPLICIT_RETAIN_SELF = YES;
				CLANG_WARN_OBJC_LITERAL_CONVERSION = YES;
				CLANG_WARN_OBJC_ROOT_CLASS = YES_ERROR;
				CLANG_WARN_RANGE_LOOP_ANALYSIS = YES;
				CLANG_WARN_STRICT_PROTOTYPES = YES;
				CLANG_WARN_SUSPICIOUS_MOVE = YES;
				CLANG_WARN_UNGUARDED_AVAILABILITY = YES_AGGRESSIVE;
				CLANG_WARN_UNREACHABLE_CODE = YES;
				CLANG_WARN__DUPLICATE_METHOD_MATCH = YES;
				CODE_SIGN_IDENTITY = "iPhone Developer";
				COPY_PHASE_STRIP = NO;
				DEBUG_INFORMATION_FORMAT = "dwarf-with-dsym";
				ENABLE_NS_ASSERTIONS = NO;
				ENABLE_STRICT_OBJC_MSGSEND = YES;
				GCC_C_LANGUAGE_STANDARD = gnu11;
				GCC_NO_COMMON_BLOCKS = YES;
				GCC_WARN_64_TO_32_BIT_CONVERSION = YES;
				GCC_WARN_ABOUT_RETURN_TYPE = YES_ERROR;
				GCC_WARN_UNDECLARED_SELECTOR = YES;
				GCC_WARN_UNINITIALIZED_AUTOS = YES_AGGRESSIVE;
				GCC_WARN_UNUSED_FUNCTION = YES;
				GCC_WARN_UNUSED_VARIABLE = YES;
				IPHONEOS_DEPLOYMENT_TARGET = 11.3;
				MTL_ENABLE_DEBUG_INFO = NO;
				SDKROOT = iphoneos;
				SWIFT_COMPILATION_MODE = wholemodule;
				SWIFT_OPTIMIZATION_LEVEL = "-O";
				VALIDATE_PRODUCT = YES;
			};
			name = Release;
		};
		3052FBA320C9D59A00CB09F8 /* Debug */ = {
			isa = XCBuildConfiguration;
			buildSettings = {
				ASSETCATALOG_COMPILER_APPICON_NAME = AppIcon;
				CODE_SIGN_STYLE = Automatic;
				FRAMEWORK_SEARCH_PATHS = (
					"$(inherited)",
					"$(PROJECT_DIR)/Carthage/Build/iOS",
				);
				INFOPLIST_FILE = vici_mitch/Info.plist;
				LD_RUNPATH_SEARCH_PATHS = (
					"$(inherited)",
					"@executable_path/Frameworks",
				);
				PRODUCT_BUNDLE_IDENTIFIER = "beanstalk.vici-mitch";
				PRODUCT_NAME = "$(TARGET_NAME)";
				SWIFT_VERSION = 4.0;
				TARGETED_DEVICE_FAMILY = "1,2";
			};
			name = Debug;
		};
		3052FBA420C9D59A00CB09F8 /* Release */ = {
			isa = XCBuildConfiguration;
			buildSettings = {
				ASSETCATALOG_COMPILER_APPICON_NAME = AppIcon;
				CODE_SIGN_STYLE = Automatic;
				FRAMEWORK_SEARCH_PATHS = (
					"$(inherited)",
					"$(PROJECT_DIR)/Carthage/Build/iOS",
				);
				INFOPLIST_FILE = vici_mitch/Info.plist;
				LD_RUNPATH_SEARCH_PATHS = (
					"$(inherited)",
					"@executable_path/Frameworks",
				);
				PRODUCT_BUNDLE_IDENTIFIER = "beanstalk.vici-mitch";
				PRODUCT_NAME = "$(TARGET_NAME)";
				SWIFT_VERSION = 4.0;
				TARGETED_DEVICE_FAMILY = "1,2";
			};
			name = Release;
		};
		3052FBA620C9D59A00CB09F8 /* Debug */ = {
			isa = XCBuildConfiguration;
			buildSettings = {
				ALWAYS_EMBED_SWIFT_STANDARD_LIBRARIES = YES;
				BUNDLE_LOADER = "$(TEST_HOST)";
				CODE_SIGN_STYLE = Automatic;
				INFOPLIST_FILE = vici_mitchTests/Info.plist;
				LD_RUNPATH_SEARCH_PATHS = (
					"$(inherited)",
					"@executable_path/Frameworks",
					"@loader_path/Frameworks",
				);
				PRODUCT_BUNDLE_IDENTIFIER = "beanstalk.vici-mitchTests";
				PRODUCT_NAME = "$(TARGET_NAME)";
				SWIFT_VERSION = 4.0;
				TARGETED_DEVICE_FAMILY = "1,2";
				TEST_HOST = "$(BUILT_PRODUCTS_DIR)/vici_mitch.app/vici_mitch";
			};
			name = Debug;
		};
		3052FBA720C9D59A00CB09F8 /* Release */ = {
			isa = XCBuildConfiguration;
			buildSettings = {
				ALWAYS_EMBED_SWIFT_STANDARD_LIBRARIES = YES;
				BUNDLE_LOADER = "$(TEST_HOST)";
				CODE_SIGN_STYLE = Automatic;
				INFOPLIST_FILE = vici_mitchTests/Info.plist;
				LD_RUNPATH_SEARCH_PATHS = (
					"$(inherited)",
					"@executable_path/Frameworks",
					"@loader_path/Frameworks",
				);
				PRODUCT_BUNDLE_IDENTIFIER = "beanstalk.vici-mitchTests";
				PRODUCT_NAME = "$(TARGET_NAME)";
				SWIFT_VERSION = 4.0;
				TARGETED_DEVICE_FAMILY = "1,2";
				TEST_HOST = "$(BUILT_PRODUCTS_DIR)/vici_mitch.app/vici_mitch";
			};
			name = Release;
		};
		3052FBA920C9D59A00CB09F8 /* Debug */ = {
			isa = XCBuildConfiguration;
			buildSettings = {
				ALWAYS_EMBED_SWIFT_STANDARD_LIBRARIES = YES;
				CODE_SIGN_STYLE = Automatic;
				INFOPLIST_FILE = vici_mitchUITests/Info.plist;
				LD_RUNPATH_SEARCH_PATHS = (
					"$(inherited)",
					"@executable_path/Frameworks",
					"@loader_path/Frameworks",
				);
				PRODUCT_BUNDLE_IDENTIFIER = "beanstalk.vici-mitchUITests";
				PRODUCT_NAME = "$(TARGET_NAME)";
				SWIFT_VERSION = 4.0;
				TARGETED_DEVICE_FAMILY = "1,2";
				TEST_TARGET_NAME = vici_mitch;
			};
			name = Debug;
		};
		3052FBAA20C9D59A00CB09F8 /* Release */ = {
			isa = XCBuildConfiguration;
			buildSettings = {
				ALWAYS_EMBED_SWIFT_STANDARD_LIBRARIES = YES;
				CODE_SIGN_STYLE = Automatic;
				INFOPLIST_FILE = vici_mitchUITests/Info.plist;
				LD_RUNPATH_SEARCH_PATHS = (
					"$(inherited)",
					"@executable_path/Frameworks",
					"@loader_path/Frameworks",
				);
				PRODUCT_BUNDLE_IDENTIFIER = "beanstalk.vici-mitchUITests";
				PRODUCT_NAME = "$(TARGET_NAME)";
				SWIFT_VERSION = 4.0;
				TARGETED_DEVICE_FAMILY = "1,2";
				TEST_TARGET_NAME = vici_mitch;
			};
			name = Release;
		};
/* End XCBuildConfiguration section */

/* Begin XCConfigurationList section */
		3052FB7520C9D59800CB09F8 /* Build configuration list for PBXProject "vici_mitch" */ = {
			isa = XCConfigurationList;
			buildConfigurations = (
				3052FBA020C9D59A00CB09F8 /* Debug */,
				3052FBA120C9D59A00CB09F8 /* Release */,
			);
			defaultConfigurationIsVisible = 0;
			defaultConfigurationName = Release;
		};
		3052FBA220C9D59A00CB09F8 /* Build configuration list for PBXNativeTarget "vici_mitch" */ = {
			isa = XCConfigurationList;
			buildConfigurations = (
				3052FBA320C9D59A00CB09F8 /* Debug */,
				3052FBA420C9D59A00CB09F8 /* Release */,
			);
			defaultConfigurationIsVisible = 0;
			defaultConfigurationName = Release;
		};
		3052FBA520C9D59A00CB09F8 /* Build configuration list for PBXNativeTarget "vici_mitchTests" */ = {
			isa = XCConfigurationList;
			buildConfigurations = (
				3052FBA620C9D59A00CB09F8 /* Debug */,
				3052FBA720C9D59A00CB09F8 /* Release */,
			);
			defaultConfigurationIsVisible = 0;
			defaultConfigurationName = Release;
		};
		3052FBA820C9D59A00CB09F8 /* Build configuration list for PBXNativeTarget "vici_mitchUITests" */ = {
			isa = XCConfigurationList;
			buildConfigurations = (
				3052FBA920C9D59A00CB09F8 /* Debug */,
				3052FBAA20C9D59A00CB09F8 /* Release */,
			);
			defaultConfigurationIsVisible = 0;
			defaultConfigurationName = Release;
		};
/* End XCConfigurationList section */
	};
	rootObject = 3052FB7220C9D59800CB09F8 /* Project object */;
}
